
Microsoft Visual Studio Solution File, Format Version 12.00
# Visual Studio Version 16
VisualStudioVersion = 16.0.30804.86
MinimumVisualStudioVersion = 10.0.40219.1
Project("{FAE04EC0-301F-11D3-BF4B-00C04F79EFBC}") = "Gifter", "Gifter\Gifter.csproj", "{8E528BB0-E025-4316-82E2-E6C64F175BF1}"
EndProject
Global
	GlobalSection(SolutionConfigurationPlatforms) = preSolution
		Debug|Any CPU = Debug|Any CPU
		Release|Any CPU = Release|Any CPU
	EndGlobalSection
	GlobalSection(ProjectConfigurationPlatforms) = postSolution
		{8E528BB0-E025-4316-82E2-E6C64F175BF1}.Debug|Any CPU.ActiveCfg = Debug|Any CPU
		{8E528BB0-E025-4316-82E2-E6C64F175BF1}.Debug|Any CPU.Build.0 = Debug|Any CPU
		{8E528BB0-E025-4316-82E2-E6C64F175BF1}.Release|Any CPU.ActiveCfg = Release|Any CPU
		{8E528BB0-E025-4316-82E2-E6C64F175BF1}.Release|Any CPU.Build.0 = Release|Any CPU
	EndGlobalSection
	GlobalSection(SolutionProperties) = preSolution
		HideSolutionNode = FALSE
	EndGlobalSection
	GlobalSection(ExtensibilityGlobals) = postSolution
		SolutionGuid = {66107928-CE75-4043-9B44-F7BC9DCD20E7}
	EndGlobalSection
EndGlobal
